
Microsoft Visual Studio Solution File, Format Version 12.00
# Visual Studio Version 16
VisualStudioVersion = 16.0.30114.105
MinimumVisualStudioVersion = 10.0.40219.1
Project("{9A19103F-16F7-4668-BE54-9A1E7A4F7556}") = "ProcessExplorer", "ProcessExplorer\ProcessExplorer.csproj", "{F55FE7AC-25A3-4048-AAE5-127067E27A45}"
EndProject
Project("{9A19103F-16F7-4668-BE54-9A1E7A4F7556}") = "ProcessExplorer.Application", "ProcessExplorer.Application\ProcessExplorer.Application.csproj", "{9162E303-652A-4EC4-A89F-E7C77A339DFA}"
EndProject
Project("{9A19103F-16F7-4668-BE54-9A1E7A4F7556}") = "ProcessExplorer.Core", "ProcessExplorer.Core\ProcessExplorer.Core.csproj", "{20FCB2EB-75EA-4776-AC4B-748C6D0E9AD5}"
EndProject
Project("{9A19103F-16F7-4668-BE54-9A1E7A4F7556}") = "ProcessExplorer.Service", "ProcessExplorer.Service\ProcessExplorer.Service.csproj", "{E23200B0-1853-4894-9DD9-C38D983D24E5}"
EndProject
Project("{9A19103F-16F7-4668-BE54-9A1E7A4F7556}") = "ProcessExplorer.Persistence", "ProcessExplorer.Persistence\ProcessExplorer.Persistence.csproj", "{558DB261-0F46-4E42-8D62-2DA4EBDBDB7B}"
EndProject
Global
	GlobalSection(SolutionConfigurationPlatforms) = preSolution
		Debug|Any CPU = Debug|Any CPU
		Release|Any CPU = Release|Any CPU
	EndGlobalSection
	GlobalSection(ProjectConfigurationPlatforms) = postSolution
		{F55FE7AC-25A3-4048-AAE5-127067E27A45}.Debug|Any CPU.ActiveCfg = Debug|Any CPU
		{F55FE7AC-25A3-4048-AAE5-127067E27A45}.Debug|Any CPU.Build.0 = Debug|Any CPU
		{F55FE7AC-25A3-4048-AAE5-127067E27A45}.Release|Any CPU.ActiveCfg = Release|Any CPU
		{F55FE7AC-25A3-4048-AAE5-127067E27A45}.Release|Any CPU.Build.0 = Release|Any CPU
		{9162E303-652A-4EC4-A89F-E7C77A339DFA}.Debug|Any CPU.ActiveCfg = Debug|Any CPU
		{9162E303-652A-4EC4-A89F-E7C77A339DFA}.Debug|Any CPU.Build.0 = Debug|Any CPU
		{9162E303-652A-4EC4-A89F-E7C77A339DFA}.Release|Any CPU.ActiveCfg = Release|Any CPU
		{9162E303-652A-4EC4-A89F-E7C77A339DFA}.Release|Any CPU.Build.0 = Release|Any CPU
		{20FCB2EB-75EA-4776-AC4B-748C6D0E9AD5}.Debug|Any CPU.ActiveCfg = Debug|Any CPU
		{20FCB2EB-75EA-4776-AC4B-748C6D0E9AD5}.Debug|Any CPU.Build.0 = Debug|Any CPU
		{20FCB2EB-75EA-4776-AC4B-748C6D0E9AD5}.Release|Any CPU.ActiveCfg = Release|Any CPU
		{20FCB2EB-75EA-4776-AC4B-748C6D0E9AD5}.Release|Any CPU.Build.0 = Release|Any CPU
		{E23200B0-1853-4894-9DD9-C38D983D24E5}.Debug|Any CPU.ActiveCfg = Debug|Any CPU
		{E23200B0-1853-4894-9DD9-C38D983D24E5}.Debug|Any CPU.Build.0 = Debug|Any CPU
		{E23200B0-1853-4894-9DD9-C38D983D24E5}.Release|Any CPU.ActiveCfg = Release|Any CPU
		{E23200B0-1853-4894-9DD9-C38D983D24E5}.Release|Any CPU.Build.0 = Release|Any CPU
		{558DB261-0F46-4E42-8D62-2DA4EBDBDB7B}.Debug|Any CPU.ActiveCfg = Debug|Any CPU
		{558DB261-0F46-4E42-8D62-2DA4EBDBDB7B}.Debug|Any CPU.Build.0 = Debug|Any CPU
		{558DB261-0F46-4E42-8D62-2DA4EBDBDB7B}.Release|Any CPU.ActiveCfg = Release|Any CPU
		{558DB261-0F46-4E42-8D62-2DA4EBDBDB7B}.Release|Any CPU.Build.0 = Release|Any CPU
	EndGlobalSection
	GlobalSection(SolutionProperties) = preSolution
		HideSolutionNode = FALSE
	EndGlobalSection
	GlobalSection(ExtensibilityGlobals) = postSolution
		SolutionGuid = {5228FFAA-0F61-42EF-8799-A039C2490D06}
	EndGlobalSection
EndGlobal
